
Microsoft Visual Studio Solution File, Format Version 12.00
Project("{FAE04EC0-301F-11D3-BF4B-00C04F79EFBC}") = "Web", "Web\Web.csproj", "{0F09515B-2B74-4091-B062-6F68ACB519ED}"
EndProject
Project("{2150E333-8FDC-42A3-9474-1A3956D46DE8}") = "others", "others", "{1DDA4C2B-7A90-456F-B130-5B20C84C085B}"
ProjectSection(SolutionItems) = preProject
	Dockerfile.netcore = Dockerfile.netcore
	docker-compose.yml = docker-compose.yml
	.env = .env
	Dockerfile.xunit = Dockerfile.xunit
	Dockerfile.heartbeat = Dockerfile.heartbeat
	docker-compose.elk.yml = docker-compose.elk.yml
	heartbeat.config.yml = heartbeat.config.yml
	Dockerfile.filebeat = Dockerfile.filebeat
	filebeat.config.yml = filebeat.config.yml
	docker-compose.test.yml = docker-compose.test.yml
	run-ci.sh = run-ci.sh
	Dockerfile.migrations = Dockerfile.migrations
	.dockerignore = .dockerignore
	Dockerfile.node.netcore = Dockerfile.node.netcore
	Dockerfile.cypress = Dockerfile.cypress
	Dockerfile.vue = Dockerfile.vue
	conf.nginx = conf.nginx
EndProjectSection
EndProject
Project("{FAE04EC0-301F-11D3-BF4B-00C04F79EFBC}") = "Web.Tests", "Web.Tests\Web.Tests.csproj", "{37A154B8-BE1B-4F89-A8AB-B0F535E06496}"
EndProject
Project("{2150E333-8FDC-42A3-9474-1A3956D46DE8}") = "docs", "docs", "{BC417565-3C72-4EB5-A5CE-2D5D6FBF0947}"
ProjectSection(SolutionItems) = preProject
	docs\Cosas copadas.md = docs\Cosas copadas.md
	docs\Docker Architecture.jpg = docs\Docker Architecture.jpg
	docs\UserStories.md = docs\UserStories.md
	docs\Workflow vinculacion - Medio de pago.jpg = docs\Workflow vinculacion - Medio de pago.jpg
EndProjectSection
EndProject
Project("{FAE04EC0-301F-11D3-BF4B-00C04F79EFBC}") = "Scheduler", "Scheduler\Scheduler.csproj", "{03673E68-56EB-4A84-802A-2DEC375E7D4C}"
EndProject
Project("{FAE04EC0-301F-11D3-BF4B-00C04F79EFBC}") = "Performance", "Performance\Performance.csproj", "{5BD0F063-5087-47CF-85CF-821C2AC69027}"
EndProject
Project("{FAE04EC0-301F-11D3-BF4B-00C04F79EFBC}") = "VisaApi", "VisaApi\VisaApi.csproj", "{D4A96246-B666-4A14-B42D-A79DFF15C1AA}"
EndProject
Project("{2150E333-8FDC-42A3-9474-1A3956D46DE8}") = "nginx_config", "nginx_config", "{1683C68F-A6BF-41D8-B93B-0634079FF70C}"
ProjectSection(SolutionItems) = preProject
	nginx_config\default.conf = nginx_config\default.conf
	nginx_config\nginx.conf = nginx_config\nginx.conf
EndProjectSection
EndProject
Global
	GlobalSection(SolutionConfigurationPlatforms) = preSolution
		Debug|Any CPU = Debug|Any CPU
		Release|Any CPU = Release|Any CPU
	EndGlobalSection
	GlobalSection(ProjectConfigurationPlatforms) = postSolution
		{0F09515B-2B74-4091-B062-6F68ACB519ED}.Debug|Any CPU.ActiveCfg = Debug|Any CPU
		{0F09515B-2B74-4091-B062-6F68ACB519ED}.Debug|Any CPU.Build.0 = Debug|Any CPU
		{0F09515B-2B74-4091-B062-6F68ACB519ED}.Release|Any CPU.ActiveCfg = Release|Any CPU
		{0F09515B-2B74-4091-B062-6F68ACB519ED}.Release|Any CPU.Build.0 = Release|Any CPU
		{37A154B8-BE1B-4F89-A8AB-B0F535E06496}.Debug|Any CPU.ActiveCfg = Debug|Any CPU
		{37A154B8-BE1B-4F89-A8AB-B0F535E06496}.Debug|Any CPU.Build.0 = Debug|Any CPU
		{37A154B8-BE1B-4F89-A8AB-B0F535E06496}.Release|Any CPU.ActiveCfg = Release|Any CPU
		{37A154B8-BE1B-4F89-A8AB-B0F535E06496}.Release|Any CPU.Build.0 = Release|Any CPU
		{03673E68-56EB-4A84-802A-2DEC375E7D4C}.Debug|Any CPU.ActiveCfg = Debug|Any CPU
		{03673E68-56EB-4A84-802A-2DEC375E7D4C}.Debug|Any CPU.Build.0 = Debug|Any CPU
		{03673E68-56EB-4A84-802A-2DEC375E7D4C}.Release|Any CPU.ActiveCfg = Release|Any CPU
		{03673E68-56EB-4A84-802A-2DEC375E7D4C}.Release|Any CPU.Build.0 = Release|Any CPU
		{5BD0F063-5087-47CF-85CF-821C2AC69027}.Debug|Any CPU.ActiveCfg = Debug|Any CPU
		{5BD0F063-5087-47CF-85CF-821C2AC69027}.Debug|Any CPU.Build.0 = Debug|Any CPU
		{5BD0F063-5087-47CF-85CF-821C2AC69027}.Release|Any CPU.ActiveCfg = Release|Any CPU
		{5BD0F063-5087-47CF-85CF-821C2AC69027}.Release|Any CPU.Build.0 = Release|Any CPU
		{D4A96246-B666-4A14-B42D-A79DFF15C1AA}.Debug|Any CPU.ActiveCfg = Debug|Any CPU
		{D4A96246-B666-4A14-B42D-A79DFF15C1AA}.Debug|Any CPU.Build.0 = Debug|Any CPU
		{D4A96246-B666-4A14-B42D-A79DFF15C1AA}.Release|Any CPU.ActiveCfg = Release|Any CPU
		{D4A96246-B666-4A14-B42D-A79DFF15C1AA}.Release|Any CPU.Build.0 = Release|Any CPU
	EndGlobalSection
	GlobalSection(NestedProjects) = preSolution
	EndGlobalSection
EndGlobal
